
Microsoft Visual Studio Solution File, Format Version 12.00
# Visual Studio 15
VisualStudioVersion = 15.0.27130.2027
MinimumVisualStudioVersion = 10.0.40219.1
Project("{FAE04EC0-301F-11D3-BF4B-00C04F79EFBC}") = "DS3_Walls", "DS3_Walls\DS3_Walls.csproj", "{455D5EE0-902E-44D1-A77B-A4A93581CD1B}"
EndProject
Global
	GlobalSection(SolutionConfigurationPlatforms) = preSolution
		Debug|Any CPU = Debug|Any CPU
		Debug|x64 = Debug|x64
		Release|Any CPU = Release|Any CPU
		Release|x64 = Release|x64
	EndGlobalSection
	GlobalSection(ProjectConfigurationPlatforms) = postSolution
		{455D5EE0-902E-44D1-A77B-A4A93581CD1B}.Debug|Any CPU.ActiveCfg = Debug|Any CPU
		{455D5EE0-902E-44D1-A77B-A4A93581CD1B}.Debug|Any CPU.Build.0 = Debug|Any CPU
		{455D5EE0-902E-44D1-A77B-A4A93581CD1B}.Debug|x64.ActiveCfg = Debug|x64
		{455D5EE0-902E-44D1-A77B-A4A93581CD1B}.Debug|x64.Build.0 = Debug|x64
		{455D5EE0-902E-44D1-A77B-A4A93581CD1B}.Release|Any CPU.ActiveCfg = Release|Any CPU
		{455D5EE0-902E-44D1-A77B-A4A93581CD1B}.Release|Any CPU.Build.0 = Release|Any CPU
		{455D5EE0-902E-44D1-A77B-A4A93581CD1B}.Release|x64.ActiveCfg = Release|x64
		{455D5EE0-902E-44D1-A77B-A4A93581CD1B}.Release|x64.Build.0 = Release|x64
	EndGlobalSection
	GlobalSection(SolutionProperties) = preSolution
		HideSolutionNode = FALSE
	EndGlobalSection
	GlobalSection(ExtensibilityGlobals) = postSolution
		SolutionGuid = {7F791DD8-CEB8-437D-9BB0-8E773E35A5CD}
	EndGlobalSection
EndGlobal
